// !$*UTF8*$!
{
	archiveVersion = 1;
	classes = {
	};
	objectVersion = 56;
	objects = {

/* Begin PBXBuildFile section */
		C681D3C72A6116090031C5F2 /* AppDelegate.swift in Sources */ = {isa = PBXBuildFile; fileRef = C681D3C62A6116090031C5F2 /* AppDelegate.swift */; };
		C681D3C92A6116090031C5F2 /* SceneDelegate.swift in Sources */ = {isa = PBXBuildFile; fileRef = C681D3C82A6116090031C5F2 /* SceneDelegate.swift */; };
		C681D3CB2A6116090031C5F2 /* ViewController.swift in Sources */ = {isa = PBXBuildFile; fileRef = C681D3CA2A6116090031C5F2 /* ViewController.swift */; };
		C681D3CE2A6116090031C5F2 /* Main.storyboard in Resources */ = {isa = PBXBuildFile; fileRef = C681D3CC2A6116090031C5F2 /* Main.storyboard */; };
		C681D3D12A6116090031C5F2 /* tableviewWithXibFile.xcdatamodeld in Sources */ = {isa = PBXBuildFile; fileRef = C681D3CF2A6116090031C5F2 /* tableviewWithXibFile.xcdatamodeld */; };
		C681D3D32A61160B0031C5F2 /* Assets.xcassets in Resources */ = {isa = PBXBuildFile; fileRef = C681D3D22A61160B0031C5F2 /* Assets.xcassets */; };
		C681D3D62A61160B0031C5F2 /* LaunchScreen.storyboard in Resources */ = {isa = PBXBuildFile; fileRef = C681D3D42A61160B0031C5F2 /* LaunchScreen.storyboard */; };
/* End PBXBuildFile section */

/* Begin PBXFileReference section */
		C681D3C32A6116090031C5F2 /* tableviewWithXibFile.app */ = {isa = PBXFileReference; explicitFileType = wrapper.application; includeInIndex = 0; path = tableviewWithXibFile.app; sourceTree = BUILT_PRODUCTS_DIR; };
		C681D3C62A6116090031C5F2 /* AppDelegate.swift */ = {isa = PBXFileReference; lastKnownFileType = sourcecode.swift; path = AppDelegate.swift; sourceTree = "<group>"; };
		C681D3C82A6116090031C5F2 /* SceneDelegate.swift */ = {isa = PBXFileReference; lastKnownFileType = sourcecode.swift; path = SceneDelegate.swift; sourceTree = "<group>"; };
		C681D3CA2A6116090031C5F2 /* ViewController.swift */ = {isa = PBXFileReference; lastKnownFileType = sourcecode.swift; path = ViewController.swift; sourceTree = "<group>"; };
		C681D3CD2A6116090031C5F2 /* Base */ = {isa = PBXFileReference; lastKnownFileType = file.storyboard; name = Base; path = Base.lproj/Main.storyboard; sourceTree = "<group>"; };
		C681D3D02A6116090031C5F2 /* tableviewWithXibFile.xcdatamodel */ = {isa = PBXFileReference; lastKnownFileType = wrapper.xcdatamodel; path = tableviewWithXibFile.xcdatamodel; sourceTree = "<group>"; };
		C681D3D22A61160B0031C5F2 /* Assets.xcassets */ = {isa = PBXFileReference; lastKnownFileType = folder.assetcatalog; path = Assets.xcassets; sourceTree = "<group>"; };
		C681D3D52A61160B0031C5F2 /* Base */ = {isa = PBXFileReference; lastKnownFileType = file.storyboard; name = Base; path = Base.lproj/LaunchScreen.storyboard; sourceTree = "<group>"; };
		C681D3D72A61160B0031C5F2 /* Info.plist */ = {isa = PBXFileReference; lastKnownFileType = text.plist.xml; path = Info.plist; sourceTree = "<group>"; };
/* End PBXFileReference section */

/* Begin PBXFrameworksBuildPhase section */
		C681D3C02A6116090031C5F2 /* Frameworks */ = {
			isa = PBXFrameworksBuildPhase;
			buildActionMask = 2147483647;
			files = (
			);
			runOnlyForDeploymentPostprocessing = 0;
		};
/* End PBXFrameworksBuildPhase section */

/* Begin PBXGroup section */
		C681D3BA2A6116090031C5F2 = {
			isa = PBXGroup;
			children = (
				C681D3C52A6116090031C5F2 /* tableviewWithXibFile */,
				C681D3C42A6116090031C5F2 /* Products */,
			);
			sourceTree = "<group>";
		};
		C681D3C42A6116090031C5F2 /* Products */ = {
			isa = PBXGroup;
			children = (
				C681D3C32A6116090031C5F2 /* tableviewWithXibFile.app */,
			);
			name = Products;
			sourceTree = "<group>";
		};
		C681D3C52A6116090031C5F2 /* tableviewWithXibFile */ = {
			isa = PBXGroup;
			children = (
				C681D3C62A6116090031C5F2 /* AppDelegate.swift */,
				C681D3C82A6116090031C5F2 /* SceneDelegate.swift */,
				C681D3CA2A6116090031C5F2 /* ViewController.swift */,
				C681D3CC2A6116090031C5F2 /* Main.storyboard */,
				C681D3D22A61160B0031C5F2 /* Assets.xcassets */,
				C681D3D42A61160B0031C5F2 /* LaunchScreen.storyboard */,
				C681D3D72A61160B0031C5F2 /* Info.plist */,
				C681D3CF2A6116090031C5F2 /* tableviewWithXibFile.xcdatamodeld */,
			);
			path = tableviewWithXibFile;
			sourceTree = "<group>";
		};
/* End PBXGroup section */

/* Begin PBXNativeTarget section */
		C681D3C22A6116090031C5F2 /* tableviewWithXibFile */ = {
			isa = PBXNativeTarget;
			buildConfigurationList = C681D3DA2A61160B0031C5F2 /* Build configuration list for PBXNativeTarget "tableviewWithXibFile" */;
			buildPhases = (
				C681D3BF2A6116090031C5F2 /* Sources */,
				C681D3C02A6116090031C5F2 /* Frameworks */,
				C681D3C12A6116090031C5F2 /* Resources */,
			);
			buildRules = (
			);
			dependencies = (
			);
			name = tableviewWithXibFile;
			productName = tableviewWithXibFile;
			productReference = C681D3C32A6116090031C5F2 /* tableviewWithXibFile.app */;
			productType = "com.apple.product-type.application";
		};
/* End PBXNativeTarget section */

/* Begin PBXProject section */
		C681D3BB2A6116090031C5F2 /* Project object */ = {
			isa = PBXProject;
			attributes = {
				BuildIndependentTargetsInParallel = 1;
				LastSwiftUpdateCheck = 1430;
				LastUpgradeCheck = 1430;
				TargetAttributes = {
					C681D3C22A6116090031C5F2 = {
						CreatedOnToolsVersion = 14.3.1;
					};
				};
			};
			buildConfigurationList = C681D3BE2A6116090031C5F2 /* Build configuration list for PBXProject "tableviewWithXibFile" */;
			compatibilityVersion = "Xcode 14.0";
			developmentRegion = en;
			hasScannedForEncodings = 0;
			knownRegions = (
				en,
				Base,
			);
			mainGroup = C681D3BA2A6116090031C5F2;
			productRefGroup = C681D3C42A6116090031C5F2 /* Products */;
			projectDirPath = "";
			projectRoot = "";
			targets = (
				C681D3C22A6116090031C5F2 /* tableviewWithXibFile */,
			);
		};
/* End PBXProject section */

/* Begin PBXResourcesBuildPhase section */
		C681D3C12A6116090031C5F2 /* Resources */ = {
			isa = PBXResourcesBuildPhase;
			buildActionMask = 2147483647;
			files = (
				C681D3D62A61160B0031C5F2 /* LaunchScreen.storyboard in Resources */,
				C681D3D32A61160B0031C5F2 /* Assets.xcassets in Resources */,
				C681D3CE2A6116090031C5F2 /* Main.storyboard in Resources */,
			);
			runOnlyForDeploymentPostprocessing = 0;
		};
/* End PBXResourcesBuildPhase section */

/* Begin PBXSourcesBuildPhase section */
		C681D3BF2A6116090031C5F2 /* Sources */ = {
			isa = PBXSourcesBuildPhase;
			buildActionMask = 2147483647;
			files = (
				C681D3CB2A6116090031C5F2 /* ViewController.swift in Sources */,
				C681D3D12A6116090031C5F2 /* tableviewWithXibFile.xcdatamodeld in Sources */,
				C681D3C72A6116090031C5F2 /* AppDelegate.swift in Sources */,
				C681D3C92A6116090031C5F2 /* SceneDelegate.swift in Sources */,
			);
			runOnlyForDeploymentPostprocessing = 0;
		};
/* End PBXSourcesBuildPhase section */

/* Begin PBXVariantGroup section */
		C681D3CC2A6116090031C5F2 /* Main.storyboard */ = {
			isa = PBXVariantGroup;
			children = (
				C681D3CD2A6116090031C5F2 /* Base */,
			);
			name = Main.storyboard;
			sourceTree = "<group>";
		};
		C681D3D42A61160B0031C5F2 /* LaunchScreen.storyboard */ = {
			isa = PBXVariantGroup;
			children = (
				C681D3D52A61160B0031C5F2 /* Base */,
			);
			name = LaunchScreen.storyboard;
			sourceTree = "<group>";
		};
/* End PBXVariantGroup section */

/* Begin XCBuildConfiguration section */
		C681D3D82A61160B0031C5F2 /* Debug */ = {
			isa = XCBuildConfiguration;
			buildSettings = {
				ALWAYS_SEARCH_USER_PATHS = NO;
				CLANG_ANALYZER_NONNULL = YES;
				CLANG_ANALYZER_NUMBER_OBJECT_CONVERSION = YES_AGGRESSIVE;
				CLANG_CXX_LANGUAGE_STANDARD = "gnu++20";
				CLANG_ENABLE_MODULES = YES;
				CLANG_ENABLE_OBJC_ARC = YES;
				CLANG_ENABLE_OBJC_WEAK = YES;
				CLANG_WARN_BLOCK_CAPTURE_AUTORELEASING = YES;
				CLANG_WARN_BOOL_CONVERSION = YES;
				CLANG_WARN_COMMA = YES;
				CLANG_WARN_CONSTANT_CONVERSION = YES;
				CLANG_WARN_DEPRECATED_OBJC_IMPLEMENTATIONS = YES;
				CLANG_WARN_DIRECT_OBJC_ISA_USAGE = YES_ERROR;
				CLANG_WARN_DOCUMENTATION_COMMENTS = YES;
				CLANG_WARN_EMPTY_BODY = YES;
				CLANG_WARN_ENUM_CONVERSION = YES;
				CLANG_WARN_INFINITE_RECURSION = YES;
				CLANG_WARN_INT_CONVERSION = YES;
				CLANG_WARN_NON_LITERAL_NULL_CONVERSION = YES;
				CLANG_WARN_OBJC_IMPLICIT_RETAIN_SELF = YES;
				CLANG_WARN_OBJC_LITERAL_CONVERSION = YES;
				CLANG_WARN_OBJC_ROOT_CLASS = YES_ERROR;
				CLANG_WARN_QUOTED_INCLUDE_IN_FRAMEWORK_HEADER = YES;
				CLANG_WARN_RANGE_LOOP_ANALYSIS = YES;
				CLANG_WARN_STRICT_PROTOTYPES = YES;
				CLANG_WARN_SUSPICIOUS_MOVE = YES;
				CLANG_WARN_UNGUARDED_AVAILABILITY = YES_AGGRESSIVE;
				CLANG_WARN_UNREACHABLE_CODE = YES;
				CLANG_WARN__DUPLICATE_METHOD_MATCH = YES;
				COPY_PHASE_STRIP = NO;
				DEBUG_INFORMATION_FORMAT = dwarf;
				ENABLE_STRICT_OBJC_MSGSEND = YES;
				ENABLE_TESTABILITY = YES;
				GCC_C_LANGUAGE_STANDARD = gnu11;
				GCC_DYNAMIC_NO_PIC = NO;
				GCC_NO_COMMON_BLOCKS = YES;
				GCC_OPTIMIZATION_LEVEL = 0;
				GCC_PREPROCESSOR_DEFINITIONS = (
					"DEBUG=1",
					"$(inherited)",
				);
				GCC_WARN_64_TO_32_BIT_CONVERSION = YES;
				GCC_WARN_ABOUT_RETURN_TYPE = YES_ERROR;
				GCC_WARN_UNDECLARED_SELECTOR = YES;
				GCC_WARN_UNINITIALIZED_AUTOS = YES_AGGRESSIVE;
				GCC_WARN_UNUSED_FUNCTION = YES;
				GCC_WARN_UNUSED_VARIABLE = YES;
				IPHONEOS_DEPLOYMENT_TARGET = 16.4;
				MTL_ENABLE_DEBUG_INFO = INCLUDE_SOURCE;
				MTL_FAST_MATH = YES;
				ONLY_ACTIVE_ARCH = YES;
				SDKROOT = iphoneos;
				SWIFT_ACTIVE_COMPILATION_CONDITIONS = DEBUG;
				SWIFT_OPTIMIZATION_LEVEL = "-Onone";
			};
			name = Debug;
		};
		C681D3D92A61160B0031C5F2 /* Release */ = {
			isa = XCBuildConfiguration;
			buildSettings = {
				ALWAYS_SEARCH_USER_PATHS = NO;
				CLANG_ANALYZER_NONNULL = YES;
				CLANG_ANALYZER_NUMBER_OBJECT_CONVERSION = YES_AGGRESSIVE;
				CLANG_CXX_LANGUAGE_STANDARD = "gnu++20";
				CLANG_ENABLE_MODULES = YES;
				CLANG_ENABLE_OBJC_ARC = YES;
				CLANG_ENABLE_OBJC_WEAK = YES;
				CLANG_WARN_BLOCK_CAPTURE_AUTORELEASING = YES;
				CLANG_WARN_BOOL_CONVERSION = YES;
				CLANG_WARN_COMMA = YES;
				CLANG_WARN_CONSTANT_CONVERSION = YES;
				CLANG_WARN_DEPRECATED_OBJC_IMPLEMENTATIONS = YES;
				CLANG_WARN_DIRECT_OBJC_ISA_USAGE = YES_ERROR;
				CLANG_WARN_DOCUMENTATION_COMMENTS = YES;
				CLANG_WARN_EMPTY_BODY = YES;
				CLANG_WARN_ENUM_CONVERSION = YES;
				CLANG_WARN_INFINITE_RECURSION = YES;
				CLANG_WARN_INT_CONVERSION = YES;
				CLANG_WARN_NON_LITERAL_NULL_CONVERSION = YES;
				CLANG_WARN_OBJC_IMPLICIT_RETAIN_SELF = YES;
				CLANG_WARN_OBJC_LITERAL_CONVERSION = YES;
				CLANG_WARN_OBJC_ROOT_CLASS = YES_ERROR;
				CLANG_WARN_QUOTED_INCLUDE_IN_FRAMEWORK_HEADER = YES;
				CLANG_WARN_RANGE_LOOP_ANALYSIS = YES;
				CLANG_WARN_STRICT_PROTOTYPES = YES;
				CLANG_WARN_SUSPICIOUS_MOVE = YES;
				CLANG_WARN_UNGUARDED_AVAILABILITY = YES_AGGRESSIVE;
				CLANG_WARN_UNREACHABLE_CODE = YES;
				CLANG_WARN__DUPLICATE_METHOD_MATCH = YES;
				COPY_PHASE_STRIP = NO;
				DEBUG_INFORMATION_FORMAT = "dwarf-with-dsym";
				ENABLE_NS_ASSERTIONS = NO;
				ENABLE_STRICT_OBJC_MSGSEND = YES;
				GCC_C_LANGUAGE_STANDARD = gnu11;
				GCC_NO_COMMON_BLOCKS = YES;
				GCC_WARN_64_TO_32_BIT_CONVERSION = YES;
				GCC_WARN_ABOUT_RETURN_TYPE = YES_ERROR;
				GCC_WARN_UNDECLARED_SELECTOR = YES;
				GCC_WARN_UNINITIALIZED_AUTOS = YES_AGGRESSIVE;
				GCC_WARN_UNUSED_FUNCTION = YES;
				GCC_WARN_UNUSED_VARIABLE = YES;
				IPHONEOS_DEPLOYMENT_TARGET = 16.4;
				MTL_ENABLE_DEBUG_INFO = NO;
				MTL_FAST_MATH = YES;
				SDKROOT = iphoneos;
				SWIFT_COMPILATION_MODE = wholemodule;
				SWIFT_OPTIMIZATION_LEVEL = "-O";
				VALIDATE_PRODUCT = YES;
			};
			name = Release;
		};
		C681D3DB2A61160B0031C5F2 /* Debug */ = {
			isa = XCBuildConfiguration;
			buildSettings = {
				ASSETCATALOG_COMPILER_APPICON_NAME = AppIcon;
				ASSETCATALOG_COMPILER_GLOBAL_ACCENT_COLOR_NAME = AccentColor;
				CODE_SIGN_STYLE = Automatic;
				CURRENT_PROJECT_VERSION = 1;
				GENERATE_INFOPLIST_FILE = YES;
				INFOPLIST_FILE = tableviewWithXibFile/Info.plist;
				INFOPLIST_KEY_UIApplicationSupportsIndirectInputEvents = YES;
				INFOPLIST_KEY_UILaunchStoryboardName = LaunchScreen;
				INFOPLIST_KEY_UIMainStoryboardFile = Main;
				INFOPLIST_KEY_UISupportedInterfaceOrientations_iPad = "UIInterfaceOrientationPortrait UIInterfaceOrientationPortraitUpsideDown UIInterfaceOrientationLandscapeLeft UIInterfaceOrientationLandscapeRight";
				INFOPLIST_KEY_UISupportedInterfaceOrientations_iPhone = "UIInterfaceOrientationPortrait UIInterfaceOrientationLandscapeLeft UIInterfaceOrientationLandscapeRight";
				LD_RUNPATH_SEARCH_PATHS = (
					"$(inherited)",
					"@executable_path/Frameworks",
				);
				MARKETING_VERSION = 1.0;
				PRODUCT_BUNDLE_IDENTIFIER = satyam.tableviewWithXibFile;
				PRODUCT_NAME = "$(TARGET_NAME)";
				SWIFT_EMIT_LOC_STRINGS = YES;
				SWIFT_VERSION = 5.0;
				TARGETED_DEVICE_FAMILY = "1,2";
			};
			name = Debug;
		};
		C681D3DC2A61160B0031C5F2 /* Release */ = {
			isa = XCBuildConfiguration;
			buildSettings = {
				ASSETCATALOG_COMPILER_APPICON_NAME = AppIcon;
				ASSETCATALOG_COMPILER_GLOBAL_ACCENT_COLOR_NAME = AccentColor;
				CODE_SIGN_STYLE = Automatic;
				CURRENT_PROJECT_VERSION = 1;
				GENERATE_INFOPLIST_FILE = YES;
				INFOPLIST_FILE = tableviewWithXibFile/Info.plist;
				INFOPLIST_KEY_UIApplicationSupportsIndirectInputEvents = YES;
				INFOPLIST_KEY_UILaunchStoryboardName = LaunchScreen;
				INFOPLIST_KEY_UIMainStoryboardFile = Main;
				INFOPLIST_KEY_UISupportedInterfaceOrientations_iPad = "UIInterfaceOrientationPortrait UIInterfaceOrientationPortraitUpsideDown UIInterfaceOrientationLandscapeLeft UIInterfaceOrientationLandscapeRight";
				INFOPLIST_KEY_UISupportedInterfaceOrientations_iPhone = "UIInterfaceOrientationPortrait UIInterfaceOrientationLandscapeLeft UIInterfaceOrientationLandscapeRight";
				LD_RUNPATH_SEARCH_PATHS = (
					"$(inherited)",
					"@executable_path/Frameworks",
				);
				MARKETING_VERSION = 1.0;
				PRODUCT_BUNDLE_IDENTIFIER = satyam.tableviewWithXibFile;
				PRODUCT_NAME = "$(TARGET_NAME)";
				SWIFT_EMIT_LOC_STRINGS = YES;
				SWIFT_VERSION = 5.0;
				TARGETED_DEVICE_FAMILY = "1,2";
			};
			name = Release;
		};
/* End XCBuildConfiguration section */

/* Begin XCConfigurationList section */
		C681D3BE2A6116090031C5F2 /* Build configuration list for PBXProject "tableviewWithXibFile" */ = {
			isa = XCConfigurationList;
			buildConfigurations = (
				C681D3D82A61160B0031C5F2 /* Debug */,
				C681D3D92A61160B0031C5F2 /* Release */,
			);
			defaultConfigurationIsVisible = 0;
			defaultConfigurationName = Release;
		};
		C681D3DA2A61160B0031C5F2 /* Build configuration list for PBXNativeTarget "tableviewWithXibFile" */ = {
			isa = XCConfigurationList;
			buildConfigurations = (
				C681D3DB2A61160B0031C5F2 /* Debug */,
				C681D3DC2A61160B0031C5F2 /* Release */,
			);
			defaultConfigurationIsVisible = 0;
			defaultConfigurationName = Release;
		};
/* End XCConfigurationList section */

/* Begin XCVersionGroup section */
		C681D3CF2A6116090031C5F2 /* tableviewWithXibFile.xcdatamodeld */ = {
			isa = XCVersionGroup;
			children = (
				C681D3D02A6116090031C5F2 /* tableviewWithXibFile.xcdatamodel */,
			);
			currentVersion = C681D3D02A6116090031C5F2 /* tableviewWithXibFile.xcdatamodel */;
			path = tableviewWithXibFile.xcdatamodeld;
			sourceTree = "<group>";
			versionGroupType = wrapper.xcdatamodel;
		};
/* End XCVersionGroup section */
	};
	rootObject = C681D3BB2A6116090031C5F2 /* Project object */;
}
